// !$*UTF8*$!
{
	archiveVersion = 1;
	classes = {
	};
	objectVersion = 50;
	objects = {

/* Begin PBXBuildFile section */
		8D2AC8AF2584DCD4009FD7A6 /* FriendsController.swift in Sources */ = {isa = PBXBuildFile; fileRef = 8D2AC8AE2584DCD4009FD7A6 /* FriendsController.swift */; };
		8D2AC8B32584DE95009FD7A6 /* FriendCell.swift in Sources */ = {isa = PBXBuildFile; fileRef = 8D2AC8B22584DE95009FD7A6 /* FriendCell.swift */; };
		8DA1E3E5257B746B00C6CD1B /* AppDelegate.swift in Sources */ = {isa = PBXBuildFile; fileRef = 8DA1E3E4257B746B00C6CD1B /* AppDelegate.swift */; };
		8DA1E3E7257B746B00C6CD1B /* SceneDelegate.swift in Sources */ = {isa = PBXBuildFile; fileRef = 8DA1E3E6257B746B00C6CD1B /* SceneDelegate.swift */; };
		8DA1E3E9257B746B00C6CD1B /* ViewController.swift in Sources */ = {isa = PBXBuildFile; fileRef = 8DA1E3E8257B746B00C6CD1B /* ViewController.swift */; };
		8DA1E3EC257B746B00C6CD1B /* Main.storyboard in Resources */ = {isa = PBXBuildFile; fileRef = 8DA1E3EA257B746B00C6CD1B /* Main.storyboard */; };
		8DA1E3EE257B746C00C6CD1B /* Assets.xcassets in Resources */ = {isa = PBXBuildFile; fileRef = 8DA1E3ED257B746C00C6CD1B /* Assets.xcassets */; };
		8DA1E3F1257B746C00C6CD1B /* LaunchScreen.storyboard in Resources */ = {isa = PBXBuildFile; fileRef = 8DA1E3EF257B746C00C6CD1B /* LaunchScreen.storyboard */; };
		8DD681C825852138003D0785 /* FriendController.swift in Sources */ = {isa = PBXBuildFile; fileRef = 8DD681C725852138003D0785 /* FriendController.swift */; };
		8DD681CB2585221D003D0785 /* FriendCollection.swift in Sources */ = {isa = PBXBuildFile; fileRef = 8DD681CA2585221D003D0785 /* FriendCollection.swift */; };
		8DD681CF25853063003D0785 /* GroupsController.swift in Sources */ = {isa = PBXBuildFile; fileRef = 8DD681CE25853063003D0785 /* GroupsController.swift */; };
		8DD681D325853090003D0785 /* GroupsCell.swift in Sources */ = {isa = PBXBuildFile; fileRef = 8DD681D225853090003D0785 /* GroupsCell.swift */; };
		8DD681D6258530BC003D0785 /* AllGroupsController.swift in Sources */ = {isa = PBXBuildFile; fileRef = 8DD681D5258530BC003D0785 /* AllGroupsController.swift */; };
		8DD681D9258530D4003D0785 /* AllGroupsCell.swift in Sources */ = {isa = PBXBuildFile; fileRef = 8DD681D8258530D4003D0785 /* AllGroupsCell.swift */; };
		8DD681DD25853E16003D0785 /* Friends.swift in Sources */ = {isa = PBXBuildFile; fileRef = 8DD681DC25853E16003D0785 /* Friends.swift */; };
		8DD681E12585438B003D0785 /* Groups.swift in Sources */ = {isa = PBXBuildFile; fileRef = 8DD681E02585438B003D0785 /* Groups.swift */; };
/* End PBXBuildFile section */

/* Begin PBXFileReference section */
		8D2AC8AE2584DCD4009FD7A6 /* FriendsController.swift */ = {isa = PBXFileReference; lastKnownFileType = sourcecode.swift; path = FriendsController.swift; sourceTree = "<group>"; };
		8D2AC8B22584DE95009FD7A6 /* FriendCell.swift */ = {isa = PBXFileReference; lastKnownFileType = sourcecode.swift; path = FriendCell.swift; sourceTree = "<group>"; };
		8DA1E3E1257B746B00C6CD1B /* hw1.app */ = {isa = PBXFileReference; explicitFileType = wrapper.application; includeInIndex = 0; path = hw1.app; sourceTree = BUILT_PRODUCTS_DIR; };
		8DA1E3E4257B746B00C6CD1B /* AppDelegate.swift */ = {isa = PBXFileReference; lastKnownFileType = sourcecode.swift; path = AppDelegate.swift; sourceTree = "<group>"; };
		8DA1E3E6257B746B00C6CD1B /* SceneDelegate.swift */ = {isa = PBXFileReference; lastKnownFileType = sourcecode.swift; path = SceneDelegate.swift; sourceTree = "<group>"; };
		8DA1E3E8257B746B00C6CD1B /* ViewController.swift */ = {isa = PBXFileReference; lastKnownFileType = sourcecode.swift; path = ViewController.swift; sourceTree = "<group>"; };
		8DA1E3EB257B746B00C6CD1B /* Base */ = {isa = PBXFileReference; lastKnownFileType = file.storyboard; name = Base; path = Base.lproj/Main.storyboard; sourceTree = "<group>"; };
		8DA1E3ED257B746C00C6CD1B /* Assets.xcassets */ = {isa = PBXFileReference; lastKnownFileType = folder.assetcatalog; path = Assets.xcassets; sourceTree = "<group>"; };
		8DA1E3F0257B746C00C6CD1B /* Base */ = {isa = PBXFileReference; lastKnownFileType = file.storyboard; name = Base; path = Base.lproj/LaunchScreen.storyboard; sourceTree = "<group>"; };
		8DA1E3F2257B746C00C6CD1B /* Info.plist */ = {isa = PBXFileReference; lastKnownFileType = text.plist.xml; path = Info.plist; sourceTree = "<group>"; };
		8DD681C725852138003D0785 /* FriendController.swift */ = {isa = PBXFileReference; lastKnownFileType = sourcecode.swift; path = FriendController.swift; sourceTree = "<group>"; };
		8DD681CA2585221D003D0785 /* FriendCollection.swift */ = {isa = PBXFileReference; lastKnownFileType = sourcecode.swift; path = FriendCollection.swift; sourceTree = "<group>"; };
		8DD681CE25853063003D0785 /* GroupsController.swift */ = {isa = PBXFileReference; lastKnownFileType = sourcecode.swift; path = GroupsController.swift; sourceTree = "<group>"; };
		8DD681D225853090003D0785 /* GroupsCell.swift */ = {isa = PBXFileReference; lastKnownFileType = sourcecode.swift; path = GroupsCell.swift; sourceTree = "<group>"; };
		8DD681D5258530BC003D0785 /* AllGroupsController.swift */ = {isa = PBXFileReference; lastKnownFileType = sourcecode.swift; path = AllGroupsController.swift; sourceTree = "<group>"; };
		8DD681D8258530D4003D0785 /* AllGroupsCell.swift */ = {isa = PBXFileReference; lastKnownFileType = sourcecode.swift; path = AllGroupsCell.swift; sourceTree = "<group>"; };
		8DD681DC25853E16003D0785 /* Friends.swift */ = {isa = PBXFileReference; lastKnownFileType = sourcecode.swift; path = Friends.swift; sourceTree = "<group>"; };
		8DD681E02585438B003D0785 /* Groups.swift */ = {isa = PBXFileReference; lastKnownFileType = sourcecode.swift; path = Groups.swift; sourceTree = "<group>"; };
/* End PBXFileReference section */

/* Begin PBXFrameworksBuildPhase section */
		8DA1E3DE257B746B00C6CD1B /* Frameworks */ = {
			isa = PBXFrameworksBuildPhase;
			buildActionMask = 2147483647;
			files = (
			);
			runOnlyForDeploymentPostprocessing = 0;
		};
/* End PBXFrameworksBuildPhase section */

/* Begin PBXGroup section */
		8D2AC8B12584DE64009FD7A6 /* Friends */ = {
			isa = PBXGroup;
			children = (
				8D2AC8AE2584DCD4009FD7A6 /* FriendsController.swift */,
				8D2AC8B22584DE95009FD7A6 /* FriendCell.swift */,
				8DD681C725852138003D0785 /* FriendController.swift */,
				8DD681CA2585221D003D0785 /* FriendCollection.swift */,
			);
			path = Friends;
			sourceTree = "<group>";
		};
		8DA1E3D8257B746B00C6CD1B = {
			isa = PBXGroup;
			children = (
				8DA1E3E3257B746B00C6CD1B /* hw1 */,
				8DA1E3E2257B746B00C6CD1B /* Products */,
			);
			sourceTree = "<group>";
		};
		8DA1E3E2257B746B00C6CD1B /* Products */ = {
			isa = PBXGroup;
			children = (
				8DA1E3E1257B746B00C6CD1B /* hw1.app */,
			);
			name = Products;
			sourceTree = "<group>";
		};
		8DA1E3E3257B746B00C6CD1B /* hw1 */ = {
			isa = PBXGroup;
			children = (
				8DD681DB25853DF7003D0785 /* Models */,
				8DD681CD2585302B003D0785 /* Groups */,
				8D2AC8B12584DE64009FD7A6 /* Friends */,
				8DA1E3E4257B746B00C6CD1B /* AppDelegate.swift */,
				8DA1E3E6257B746B00C6CD1B /* SceneDelegate.swift */,
				8DA1E3E8257B746B00C6CD1B /* ViewController.swift */,
				8DA1E3EA257B746B00C6CD1B /* Main.storyboard */,
				8DA1E3ED257B746C00C6CD1B /* Assets.xcassets */,
				8DA1E3EF257B746C00C6CD1B /* LaunchScreen.storyboard */,
				8DA1E3F2257B746C00C6CD1B /* Info.plist */,
			);
			path = hw1;
			sourceTree = "<group>";
		};
		8DD681CD2585302B003D0785 /* Groups */ = {
			isa = PBXGroup;
			children = (
				8DD681CE25853063003D0785 /* GroupsController.swift */,
				8DD681D225853090003D0785 /* GroupsCell.swift */,
				8DD681D5258530BC003D0785 /* AllGroupsController.swift */,
				8DD681D8258530D4003D0785 /* AllGroupsCell.swift */,
			);
			path = Groups;
			sourceTree = "<group>";
		};
		8DD681DB25853DF7003D0785 /* Models */ = {
			isa = PBXGroup;
			children = (
				8DD681DC25853E16003D0785 /* Friends.swift */,
				8DD681E02585438B003D0785 /* Groups.swift */,
			);
			path = Models;
			sourceTree = "<group>";
		};
/* End PBXGroup section */

/* Begin PBXNativeTarget section */
		8DA1E3E0257B746B00C6CD1B /* hw1 */ = {
			isa = PBXNativeTarget;
			buildConfigurationList = 8DA1E3F5257B746C00C6CD1B /* Build configuration list for PBXNativeTarget "hw1" */;
			buildPhases = (
				8DA1E3DD257B746B00C6CD1B /* Sources */,
				8DA1E3DE257B746B00C6CD1B /* Frameworks */,
				8DA1E3DF257B746B00C6CD1B /* Resources */,
			);
			buildRules = (
			);
			dependencies = (
			);
			name = hw1;
			productName = hw1;
			productReference = 8DA1E3E1257B746B00C6CD1B /* hw1.app */;
			productType = "com.apple.product-type.application";
		};
/* End PBXNativeTarget section */

/* Begin PBXProject section */
		8DA1E3D9257B746B00C6CD1B /* Project object */ = {
			isa = PBXProject;
			attributes = {
				LastSwiftUpdateCheck = 1220;
				LastUpgradeCheck = 1220;
				TargetAttributes = {
					8DA1E3E0257B746B00C6CD1B = {
						CreatedOnToolsVersion = 12.2;
					};
				};
			};
			buildConfigurationList = 8DA1E3DC257B746B00C6CD1B /* Build configuration list for PBXProject "hw1" */;
			compatibilityVersion = "Xcode 9.3";
			developmentRegion = en;
			hasScannedForEncodings = 0;
			knownRegions = (
				en,
				Base,
			);
			mainGroup = 8DA1E3D8257B746B00C6CD1B;
			productRefGroup = 8DA1E3E2257B746B00C6CD1B /* Products */;
			projectDirPath = "";
			projectRoot = "";
			targets = (
				8DA1E3E0257B746B00C6CD1B /* hw1 */,
			);
		};
/* End PBXProject section */

/* Begin PBXResourcesBuildPhase section */
		8DA1E3DF257B746B00C6CD1B /* Resources */ = {
			isa = PBXResourcesBuildPhase;
			buildActionMask = 2147483647;
			files = (
				8DA1E3F1257B746C00C6CD1B /* LaunchScreen.storyboard in Resources */,
				8DA1E3EE257B746C00C6CD1B /* Assets.xcassets in Resources */,
				8DA1E3EC257B746B00C6CD1B /* Main.storyboard in Resources */,
			);
			runOnlyForDeploymentPostprocessing = 0;
		};
/* End PBXResourcesBuildPhase section */

/* Begin PBXSourcesBuildPhase section */
		8DA1E3DD257B746B00C6CD1B /* Sources */ = {
			isa = PBXSourcesBuildPhase;
			buildActionMask = 2147483647;
			files = (
				8DA1E3E9257B746B00C6CD1B /* ViewController.swift in Sources */,
				8DD681C825852138003D0785 /* FriendController.swift in Sources */,
				8DD681D9258530D4003D0785 /* AllGroupsCell.swift in Sources */,
				8D2AC8AF2584DCD4009FD7A6 /* FriendsController.swift in Sources */,
				8DD681E12585438B003D0785 /* Groups.swift in Sources */,
				8DD681D325853090003D0785 /* GroupsCell.swift in Sources */,
				8DA1E3E5257B746B00C6CD1B /* AppDelegate.swift in Sources */,
				8DD681CB2585221D003D0785 /* FriendCollection.swift in Sources */,
				8DD681DD25853E16003D0785 /* Friends.swift in Sources */,
				8DD681CF25853063003D0785 /* GroupsController.swift in Sources */,
				8DD681D6258530BC003D0785 /* AllGroupsController.swift in Sources */,
				8DA1E3E7257B746B00C6CD1B /* SceneDelegate.swift in Sources */,
				8D2AC8B32584DE95009FD7A6 /* FriendCell.swift in Sources */,
			);
			runOnlyForDeploymentPostprocessing = 0;
		};
/* End PBXSourcesBuildPhase section */

/* Begin PBXVariantGroup section */
		8DA1E3EA257B746B00C6CD1B /* Main.storyboard */ = {
			isa = PBXVariantGroup;
			children = (
				8DA1E3EB257B746B00C6CD1B /* Base */,
			);
			name = Main.storyboard;
			sourceTree = "<group>";
		};
		8DA1E3EF257B746C00C6CD1B /* LaunchScreen.storyboard */ = {
			isa = PBXVariantGroup;
			children = (
				8DA1E3F0257B746C00C6CD1B /* Base */,
			);
			name = LaunchScreen.storyboard;
			sourceTree = "<group>";
		};
/* End PBXVariantGroup section */

/* Begin XCBuildConfiguration section */
		8DA1E3F3257B746C00C6CD1B /* Debug */ = {
			isa = XCBuildConfiguration;
			buildSettings = {
				ALWAYS_SEARCH_USER_PATHS = NO;
				CLANG_ANALYZER_NONNULL = YES;
				CLANG_ANALYZER_NUMBER_OBJECT_CONVERSION = YES_AGGRESSIVE;
				CLANG_CXX_LANGUAGE_STANDARD = "gnu++14";
				CLANG_CXX_LIBRARY = "libc++";
				CLANG_ENABLE_MODULES = YES;
				CLANG_ENABLE_OBJC_ARC = YES;
				CLANG_ENABLE_OBJC_WEAK = YES;
				CLANG_WARN_BLOCK_CAPTURE_AUTORELEASING = YES;
				CLANG_WARN_BOOL_CONVERSION = YES;
				CLANG_WARN_COMMA = YES;
				CLANG_WARN_CONSTANT_CONVERSION = YES;
				CLANG_WARN_DEPRECATED_OBJC_IMPLEMENTATIONS = YES;
				CLANG_WARN_DIRECT_OBJC_ISA_USAGE = YES_ERROR;
				CLANG_WARN_DOCUMENTATION_COMMENTS = YES;
				CLANG_WARN_EMPTY_BODY = YES;
				CLANG_WARN_ENUM_CONVERSION = YES;
				CLANG_WARN_INFINITE_RECURSION = YES;
				CLANG_WARN_INT_CONVERSION = YES;
				CLANG_WARN_NON_LITERAL_NULL_CONVERSION = YES;
				CLANG_WARN_OBJC_IMPLICIT_RETAIN_SELF = YES;
				CLANG_WARN_OBJC_LITERAL_CONVERSION = YES;
				CLANG_WARN_OBJC_ROOT_CLASS = YES_ERROR;
				CLANG_WARN_QUOTED_INCLUDE_IN_FRAMEWORK_HEADER = YES;
				CLANG_WARN_RANGE_LOOP_ANALYSIS = YES;
				CLANG_WARN_STRICT_PROTOTYPES = YES;
				CLANG_WARN_SUSPICIOUS_MOVE = YES;
				CLANG_WARN_UNGUARDED_AVAILABILITY = YES_AGGRESSIVE;
				CLANG_WARN_UNREACHABLE_CODE = YES;
				CLANG_WARN__DUPLICATE_METHOD_MATCH = YES;
				COPY_PHASE_STRIP = NO;
				DEBUG_INFORMATION_FORMAT = dwarf;
				ENABLE_STRICT_OBJC_MSGSEND = YES;
				ENABLE_TESTABILITY = YES;
				GCC_C_LANGUAGE_STANDARD = gnu11;
				GCC_DYNAMIC_NO_PIC = NO;
				GCC_NO_COMMON_BLOCKS = YES;
				GCC_OPTIMIZATION_LEVEL = 0;
				GCC_PREPROCESSOR_DEFINITIONS = (
					"DEBUG=1",
					"$(inherited)",
				);
				GCC_WARN_64_TO_32_BIT_CONVERSION = YES;
				GCC_WARN_ABOUT_RETURN_TYPE = YES_ERROR;
				GCC_WARN_UNDECLARED_SELECTOR = YES;
				GCC_WARN_UNINITIALIZED_AUTOS = YES_AGGRESSIVE;
				GCC_WARN_UNUSED_FUNCTION = YES;
				GCC_WARN_UNUSED_VARIABLE = YES;
				IPHONEOS_DEPLOYMENT_TARGET = 14.2;
				MTL_ENABLE_DEBUG_INFO = INCLUDE_SOURCE;
				MTL_FAST_MATH = YES;
				ONLY_ACTIVE_ARCH = YES;
				SDKROOT = iphoneos;
				SWIFT_ACTIVE_COMPILATION_CONDITIONS = DEBUG;
				SWIFT_OPTIMIZATION_LEVEL = "-Onone";
			};
			name = Debug;
		};
		8DA1E3F4257B746C00C6CD1B /* Release */ = {
			isa = XCBuildConfiguration;
			buildSettings = {
				ALWAYS_SEARCH_USER_PATHS = NO;
				CLANG_ANALYZER_NONNULL = YES;
				CLANG_ANALYZER_NUMBER_OBJECT_CONVERSION = YES_AGGRESSIVE;
				CLANG_CXX_LANGUAGE_STANDARD = "gnu++14";
				CLANG_CXX_LIBRARY = "libc++";
				CLANG_ENABLE_MODULES = YES;
				CLANG_ENABLE_OBJC_ARC = YES;
				CLANG_ENABLE_OBJC_WEAK = YES;
				CLANG_WARN_BLOCK_CAPTURE_AUTORELEASING = YES;
				CLANG_WARN_BOOL_CONVERSION = YES;
				CLANG_WARN_COMMA = YES;
				CLANG_WARN_CONSTANT_CONVERSION = YES;
				CLANG_WARN_DEPRECATED_OBJC_IMPLEMENTATIONS = YES;
				CLANG_WARN_DIRECT_OBJC_ISA_USAGE = YES_ERROR;
				CLANG_WARN_DOCUMENTATION_COMMENTS = YES;
				CLANG_WARN_EMPTY_BODY = YES;
				CLANG_WARN_ENUM_CONVERSION = YES;
				CLANG_WARN_INFINITE_RECURSION = YES;
				CLANG_WARN_INT_CONVERSION = YES;
				CLANG_WARN_NON_LITERAL_NULL_CONVERSION = YES;
				CLANG_WARN_OBJC_IMPLICIT_RETAIN_SELF = YES;
				CLANG_WARN_OBJC_LITERAL_CONVERSION = YES;
				CLANG_WARN_OBJC_ROOT_CLASS = YES_ERROR;
				CLANG_WARN_QUOTED_INCLUDE_IN_FRAMEWORK_HEADER = YES;
				CLANG_WARN_RANGE_LOOP_ANALYSIS = YES;
				CLANG_WARN_STRICT_PROTOTYPES = YES;
				CLANG_WARN_SUSPICIOUS_MOVE = YES;
				CLANG_WARN_UNGUARDED_AVAILABILITY = YES_AGGRESSIVE;
				CLANG_WARN_UNREACHABLE_CODE = YES;
				CLANG_WARN__DUPLICATE_METHOD_MATCH = YES;
				COPY_PHASE_STRIP = NO;
				DEBUG_INFORMATION_FORMAT = "dwarf-with-dsym";
				ENABLE_NS_ASSERTIONS = NO;
				ENABLE_STRICT_OBJC_MSGSEND = YES;
				GCC_C_LANGUAGE_STANDARD = gnu11;
				GCC_NO_COMMON_BLOCKS = YES;
				GCC_WARN_64_TO_32_BIT_CONVERSION = YES;
				GCC_WARN_ABOUT_RETURN_TYPE = YES_ERROR;
				GCC_WARN_UNDECLARED_SELECTOR = YES;
				GCC_WARN_UNINITIALIZED_AUTOS = YES_AGGRESSIVE;
				GCC_WARN_UNUSED_FUNCTION = YES;
				GCC_WARN_UNUSED_VARIABLE = YES;
				IPHONEOS_DEPLOYMENT_TARGET = 14.2;
				MTL_ENABLE_DEBUG_INFO = NO;
				MTL_FAST_MATH = YES;
				SDKROOT = iphoneos;
				SWIFT_COMPILATION_MODE = wholemodule;
				SWIFT_OPTIMIZATION_LEVEL = "-O";
				VALIDATE_PRODUCT = YES;
			};
			name = Release;
		};
		8DA1E3F6257B746C00C6CD1B /* Debug */ = {
			isa = XCBuildConfiguration;
			buildSettings = {
				ASSETCATALOG_COMPILER_APPICON_NAME = AppIcon;
				ASSETCATALOG_COMPILER_GLOBAL_ACCENT_COLOR_NAME = AccentColor;
				CODE_SIGN_STYLE = Automatic;
				DEVELOPMENT_TEAM = S44GS5SB9Y;
				INFOPLIST_FILE = hw1/Info.plist;
				LD_RUNPATH_SEARCH_PATHS = (
					"$(inherited)",
					"@executable_path/Frameworks",
				);
				PRODUCT_BUNDLE_IDENTIFIER = com.wyesoftware.hw1;
				PRODUCT_NAME = "$(TARGET_NAME)";
				SWIFT_VERSION = 5.0;
				TARGETED_DEVICE_FAMILY = "1,2";
			};
			name = Debug;
		};
		8DA1E3F7257B746C00C6CD1B /* Release */ = {
			isa = XCBuildConfiguration;
			buildSettings = {
				ASSETCATALOG_COMPILER_APPICON_NAME = AppIcon;
				ASSETCATALOG_COMPILER_GLOBAL_ACCENT_COLOR_NAME = AccentColor;
				CODE_SIGN_STYLE = Automatic;
				DEVELOPMENT_TEAM = S44GS5SB9Y;
				INFOPLIST_FILE = hw1/Info.plist;
				LD_RUNPATH_SEARCH_PATHS = (
					"$(inherited)",
					"@executable_path/Frameworks",
				);
				PRODUCT_BUNDLE_IDENTIFIER = com.wyesoftware.hw1;
				PRODUCT_NAME = "$(TARGET_NAME)";
				SWIFT_VERSION = 5.0;
				TARGETED_DEVICE_FAMILY = "1,2";
			};
			name = Release;
		};
/* End XCBuildConfiguration section */

/* Begin XCConfigurationList section */
		8DA1E3DC257B746B00C6CD1B /* Build configuration list for PBXProject "hw1" */ = {
			isa = XCConfigurationList;
			buildConfigurations = (
				8DA1E3F3257B746C00C6CD1B /* Debug */,
				8DA1E3F4257B746C00C6CD1B /* Release */,
			);
			defaultConfigurationIsVisible = 0;
			defaultConfigurationName = Release;
		};
		8DA1E3F5257B746C00C6CD1B /* Build configuration list for PBXNativeTarget "hw1" */ = {
			isa = XCConfigurationList;
			buildConfigurations = (
				8DA1E3F6257B746C00C6CD1B /* Debug */,
				8DA1E3F7257B746C00C6CD1B /* Release */,
			);
			defaultConfigurationIsVisible = 0;
			defaultConfigurationName = Release;
		};
/* End XCConfigurationList section */
	};
	rootObject = 8DA1E3D9257B746B00C6CD1B /* Project object */;
}
